dependencies:
- name: cert-manager
  repository: https://charts.jetstack.io
  version: 0.9.1
- name: postgresql
  repository: https://kubernetes-charts.storage.googleapis.com/
  version: 7.7.1
- name: redis
  repository: https://kubernetes-charts.storage.googleapis.com/
  version: 10.1.0
- name: minio
  repository: https://kubernetes-charts.storage.googleapis.com/
  version: 3.0.1
digest: sha256:2e78888918e16dcb5788e18cdfccf0ab621f91a57734d2b6132a848851ab839a
generated: "2020-02-17T16:56:14.518230654+03:00"
